
Microsoft Visual Studio Solution File, Format Version 12.00
# Visual Studio Version 17
VisualStudioVersion = 17.2.32519.379
MinimumVisualStudioVersion = 10.0.40219.1
Project("{FAE04EC0-301F-11D3-BF4B-00C04F79EFBC}") = "CRUP Básico", "CRUP Básico\CRUP Básico.csproj", "{9AA2338B-27AA-4BE0-B7EE-9589E480C32B}"
EndProject
Global
	GlobalSection(SolutionConfigurationPlatforms) = preSolution
		Debug|Any CPU = Debug|Any CPU
		Release|Any CPU = Release|Any CPU
	EndGlobalSection
	GlobalSection(ProjectConfigurationPlatforms) = postSolution
		{9AA2338B-27AA-4BE0-B7EE-9589E480C32B}.Debug|Any CPU.ActiveCfg = Debug|Any CPU
		{9AA2338B-27AA-4BE0-B7EE-9589E480C32B}.Debug|Any CPU.Build.0 = Debug|Any CPU
		{9AA2338B-27AA-4BE0-B7EE-9589E480C32B}.Release|Any CPU.ActiveCfg = Release|Any CPU
		{9AA2338B-27AA-4BE0-B7EE-9589E480C32B}.Release|Any CPU.Build.0 = Release|Any CPU
	EndGlobalSection
	GlobalSection(SolutionProperties) = preSolution
		HideSolutionNode = FALSE
	EndGlobalSection
	GlobalSection(ExtensibilityGlobals) = postSolution
		SolutionGuid = {DE1A238F-F866-493D-999B-95F98F98EE92}
	EndGlobalSection
EndGlobal
